
Microsoft Visual Studio Solution File, Format Version 12.00
# Visual Studio Version 17
VisualStudioVersion = 17.14.36518.9 d17.14
MinimumVisualStudioVersion = 10.0.40219.1
Project("{FAE04EC0-301F-11D3-BF4B-00C04F79EFBC}") = "LineCnt", "LineCnt.csproj", "{7B8F57C3-3856-47D0-87B4-7B99579B6D94}"
EndProject
Global
	GlobalSection(SolutionConfigurationPlatforms) = preSolution
		Debug|Any CPU = Debug|Any CPU
		Release|Any CPU = Release|Any CPU
	EndGlobalSection
	GlobalSection(ProjectConfigurationPlatforms) = postSolution
		{7B8F57C3-3856-47D0-87B4-7B99579B6D94}.Debug|Any CPU.ActiveCfg = Debug|Any CPU
		{7B8F57C3-3856-47D0-87B4-7B99579B6D94}.Debug|Any CPU.Build.0 = Debug|Any CPU
		{7B8F57C3-3856-47D0-87B4-7B99579B6D94}.Release|Any CPU.ActiveCfg = Release|Any CPU
		{7B8F57C3-3856-47D0-87B4-7B99579B6D94}.Release|Any CPU.Build.0 = Release|Any CPU
	EndGlobalSection
	GlobalSection(SolutionProperties) = preSolution
		HideSolutionNode = FALSE
	EndGlobalSection
	GlobalSection(ExtensibilityGlobals) = postSolution
		SolutionGuid = {58C66D4C-429D-4382-AF39-E0EE15C986A9}
	EndGlobalSection
EndGlobal
